
Microsoft Visual Studio Solution File, Format Version 12.00
# Visual Studio Version 16
VisualStudioVersion = 16.0.30804.86
MinimumVisualStudioVersion = 10.0.40219.1
Project("{FAE04EC0-301F-11D3-BF4B-00C04F79EFBC}") = "OkulProjesi", "OkulProjesi.csproj", "{6A477893-07C9-4DE3-A5E7-53FD3E14D7DF}"
EndProject
Global
	GlobalSection(SolutionConfigurationPlatforms) = preSolution
		Debug|Any CPU = Debug|Any CPU
		Release|Any CPU = Release|Any CPU
	EndGlobalSection
	GlobalSection(ProjectConfigurationPlatforms) = postSolution
		{6A477893-07C9-4DE3-A5E7-53FD3E14D7DF}.Debug|Any CPU.ActiveCfg = Debug|Any CPU
		{6A477893-07C9-4DE3-A5E7-53FD3E14D7DF}.Debug|Any CPU.Build.0 = Debug|Any CPU
		{6A477893-07C9-4DE3-A5E7-53FD3E14D7DF}.Release|Any CPU.ActiveCfg = Release|Any CPU
		{6A477893-07C9-4DE3-A5E7-53FD3E14D7DF}.Release|Any CPU.Build.0 = Release|Any CPU
	EndGlobalSection
	GlobalSection(SolutionProperties) = preSolution
		HideSolutionNode = FALSE
	EndGlobalSection
	GlobalSection(ExtensibilityGlobals) = postSolution
		SolutionGuid = {A95566B5-5623-46FD-8FB6-BC967F80219E}
	EndGlobalSection
EndGlobal
